
Microsoft Visual Studio Solution File, Format Version 12.00
# Visual Studio 15
VisualStudioVersion = 15.0.26730.16
MinimumVisualStudioVersion = 10.0.40219.1
Project("{FAE04EC0-301F-11D3-BF4B-00C04F79EFBC}") = "SupermarketQueueKata", "SupermarketQueueKata\SupermarketQueueKata.csproj", "{6B429C50-EAF5-4B66-8B9A-3E6EB63BAFC4}"
EndProject
Global
	GlobalSection(SolutionConfigurationPlatforms) = preSolution
		Debug|Any CPU = Debug|Any CPU
		Release|Any CPU = Release|Any CPU
	EndGlobalSection
	GlobalSection(ProjectConfigurationPlatforms) = postSolution
		{6B429C50-EAF5-4B66-8B9A-3E6EB63BAFC4}.Debug|Any CPU.ActiveCfg = Debug|Any CPU
		{6B429C50-EAF5-4B66-8B9A-3E6EB63BAFC4}.Debug|Any CPU.Build.0 = Debug|Any CPU
		{6B429C50-EAF5-4B66-8B9A-3E6EB63BAFC4}.Release|Any CPU.ActiveCfg = Release|Any CPU
		{6B429C50-EAF5-4B66-8B9A-3E6EB63BAFC4}.Release|Any CPU.Build.0 = Release|Any CPU
	EndGlobalSection
	GlobalSection(SolutionProperties) = preSolution
		HideSolutionNode = FALSE
	EndGlobalSection
	GlobalSection(ExtensibilityGlobals) = postSolution
		SolutionGuid = {180CA5A7-AB69-43C2-8941-3C27B17D0999}
	EndGlobalSection
EndGlobal
